
Microsoft Visual Studio Solution File, Format Version 12.00
# Visual Studio Version 16
VisualStudioVersion = 16.0.31729.503
MinimumVisualStudioVersion = 10.0.40219.1
Project("{FAE04EC0-301F-11D3-BF4B-00C04F79EFBC}") = "Check Prima", "Check Prima\Check Prima.csproj", "{4FE35B79-F5E4-4A41-B306-51DD16E41876}"
EndProject
Global
	GlobalSection(SolutionConfigurationPlatforms) = preSolution
		Debug|Any CPU = Debug|Any CPU
		Release|Any CPU = Release|Any CPU
	EndGlobalSection
	GlobalSection(ProjectConfigurationPlatforms) = postSolution
		{4FE35B79-F5E4-4A41-B306-51DD16E41876}.Debug|Any CPU.ActiveCfg = Debug|Any CPU
		{4FE35B79-F5E4-4A41-B306-51DD16E41876}.Debug|Any CPU.Build.0 = Debug|Any CPU
		{4FE35B79-F5E4-4A41-B306-51DD16E41876}.Release|Any CPU.ActiveCfg = Release|Any CPU
		{4FE35B79-F5E4-4A41-B306-51DD16E41876}.Release|Any CPU.Build.0 = Release|Any CPU
	EndGlobalSection
	GlobalSection(SolutionProperties) = preSolution
		HideSolutionNode = FALSE
	EndGlobalSection
	GlobalSection(ExtensibilityGlobals) = postSolution
		SolutionGuid = {02327400-96C4-422C-8614-344CFF21D324}
	EndGlobalSection
EndGlobal
